PODS:
  - MockBalm (0.1.8):
    - Sourcery (~> 0.16)
  - Sourcery (0.16.1)

DEPENDENCIES:
  - MockBalm (from `../`)

SPEC REPOS:
  https://github.com/cocoapods/specs.git:
    - Sourcery

EXTERNAL SOURCES:
  MockBalm:
    :path: "../"

SPEC CHECKSUMS:
  MockBalm: eb73859b9600f0458d17f578dc221f7b5a6d8da0
  Sourcery: 16779170d35ee204666843b09031f36721a84bcc

PODFILE CHECKSUM: eda39f4aa4c2b4bb334815e92e86d13f25db27e1

COCOAPODS: 1.7.4
