PODS:
  - MockBalm (0.1.7):
    - Sourcery (~> 0.16)
  - Sourcery (0.16.1)

DEPENDENCIES:
  - MockBalm (from `../`)

SPEC REPOS:
  https://github.com/cocoapods/specs.git:
    - Sourcery

EXTERNAL SOURCES:
  MockBalm:
    :path: "../"

SPEC CHECKSUMS:
  MockBalm: 3f2e7c0d2da184ecf52988efef92fe254da2b735
  Sourcery: 16779170d35ee204666843b09031f36721a84bcc

PODFILE CHECKSUM: eda39f4aa4c2b4bb334815e92e86d13f25db27e1

COCOAPODS: 1.7.4
